version = 1
revision = 1
requires-python = ">=3.0"

[[package]]
name = "blowfish"
version = "0.6.1"
source = { registry = "https://pypi.org/simple" }
sdist = { url = "https://files.pythonhosted.org/packages/ca/06/6008f79f3df714da4eeb6d7daf5e417e072c69923d22ede09171e74d69f8/blowfish-0.6.1.tar.bz2", hash = "sha256:1626d96d2672a6cf021d9b66a5013b6e594865403b4a06d75034e0a9ff1cbdc6", size = 27824 }

[[package]]
name = "vimdecrypt"
version = "2.1.0"
source = { virtual = "." }
dependencies = [
    { name = "blowfish" },
]

[package.metadata]
requires-dist = [{ name = "blowfish" }]
